// !$*UTF8*$!
{
	archiveVersion = 1;
	classes = {
	};
	objectVersion = 56;
	objects = {

/* Begin PBXBuildFile section */
		876E18792BE08D1A00129E7E /* AppDelegate.swift in Sources */ = {isa = PBXBuildFile; fileRef = 876E18782BE08D1A00129E7E /* AppDelegate.swift */; };
		876E187B2BE08D1A00129E7E /* SceneDelegate.swift in Sources */ = {isa = PBXBuildFile; fileRef = 876E187A2BE08D1A00129E7E /* SceneDelegate.swift */; };
		876E187D2BE08D1A00129E7E /* ViewController.swift in Sources */ = {isa = PBXBuildFile; fileRef = 876E187C2BE08D1A00129E7E /* ViewController.swift */; };
		876E18822BE08D1B00129E7E /* Assets.xcassets in Resources */ = {isa = PBXBuildFile; fileRef = 876E18812BE08D1B00129E7E /* Assets.xcassets */; };
		876E18852BE08D1B00129E7E /* Base in Resources */ = {isa = PBXBuildFile; fileRef = 876E18842BE08D1B00129E7E /* Base */; };
		876E188D2BE0AA4100129E7E /* UsernameView.swift in Sources */ = {isa = PBXBuildFile; fileRef = 876E188C2BE0AA4100129E7E /* UsernameView.swift */; };
		876E188F2BE0B53900129E7E /* PasswordView.swift in Sources */ = {isa = PBXBuildFile; fileRef = 876E188E2BE0B53900129E7E /* PasswordView.swift */; };
		876E18912BE0B82A00129E7E /* LoginButtomView.swift in Sources */ = {isa = PBXBuildFile; fileRef = 876E18902BE0B82A00129E7E /* LoginButtomView.swift */; };
		B2A60032532C28F7DEF180B7 /* Pods_LayoutInCodeTest_ViktarCharniak.framework in Frameworks */ = {isa = PBXBuildFile; fileRef = D13D000BB4CAF12A5A8802D4 /* Pods_LayoutInCodeTest_ViktarCharniak.framework */; };
/* End PBXBuildFile section */

/* Begin PBXFileReference section */
		39F25DC540C039B71CE09705 /* Pods-LayoutInCodeTest_ViktarCharniak.release.xcconfig */ = {isa = PBXFileReference; includeInIndex = 1; lastKnownFileType = text.xcconfig; name = "Pods-LayoutInCodeTest_ViktarCharniak.release.xcconfig"; path = "Target Support Files/Pods-LayoutInCodeTest_ViktarCharniak/Pods-LayoutInCodeTest_ViktarCharniak.release.xcconfig"; sourceTree = "<group>"; };
		876E18752BE08D1A00129E7E /* LayoutInCodeTest_ViktarCharniak.app */ = {isa = PBXFileReference; explicitFileType = wrapper.application; includeInIndex = 0; path = LayoutInCodeTest_ViktarCharniak.app; sourceTree = BUILT_PRODUCTS_DIR; };
		876E18782BE08D1A00129E7E /* AppDelegate.swift */ = {isa = PBXFileReference; lastKnownFileType = sourcecode.swift; path = AppDelegate.swift; sourceTree = "<group>"; };
		876E187A2BE08D1A00129E7E /* SceneDelegate.swift */ = {isa = PBXFileReference; lastKnownFileType = sourcecode.swift; path = SceneDelegate.swift; sourceTree = "<group>"; };
		876E187C2BE08D1A00129E7E /* ViewController.swift */ = {isa = PBXFileReference; lastKnownFileType = sourcecode.swift; path = ViewController.swift; sourceTree = "<group>"; };
		876E18812BE08D1B00129E7E /* Assets.xcassets */ = {isa = PBXFileReference; lastKnownFileType = folder.assetcatalog; path = Assets.xcassets; sourceTree = "<group>"; };
		876E18842BE08D1B00129E7E /* Base */ = {isa = PBXFileReference; lastKnownFileType = file.storyboard; name = Base; path = Base.lproj/LaunchScreen.storyboard; sourceTree = "<group>"; };
		876E18862BE08D1B00129E7E /* Info.plist */ = {isa = PBXFileReference; lastKnownFileType = text.plist.xml; path = Info.plist; sourceTree = "<group>"; };
		876E188C2BE0AA4100129E7E /* UsernameView.swift */ = {isa = PBXFileReference; lastKnownFileType = sourcecode.swift; path = UsernameView.swift; sourceTree = "<group>"; };
		876E188E2BE0B53900129E7E /* PasswordView.swift */ = {isa = PBXFileReference; lastKnownFileType = sourcecode.swift; path = PasswordView.swift; sourceTree = "<group>"; };
		876E18902BE0B82A00129E7E /* LoginButtomView.swift */ = {isa = PBXFileReference; lastKnownFileType = sourcecode.swift; path = LoginButtomView.swift; sourceTree = "<group>"; };
		9746871E138F2138FB983E67 /* Pods-LayoutInCodeTest_ViktarCharniak.debug.xcconfig */ = {isa = PBXFileReference; includeInIndex = 1; lastKnownFileType = text.xcconfig; name = "Pods-LayoutInCodeTest_ViktarCharniak.debug.xcconfig"; path = "Target Support Files/Pods-LayoutInCodeTest_ViktarCharniak/Pods-LayoutInCodeTest_ViktarCharniak.debug.xcconfig"; sourceTree = "<group>"; };
		D13D000BB4CAF12A5A8802D4 /* Pods_LayoutInCodeTest_ViktarCharniak.framework */ = {isa = PBXFileReference; explicitFileType = wrapper.framework; includeInIndex = 0; path = Pods_LayoutInCodeTest_ViktarCharniak.framework; sourceTree = BUILT_PRODUCTS_DIR; };
/* End PBXFileReference section */

/* Begin PBXFrameworksBuildPhase section */
		876E18722BE08D1A00129E7E /* Frameworks */ = {
			isa = PBXFrameworksBuildPhase;
			buildActionMask = 2147483647;
			files = (
				B2A60032532C28F7DEF180B7 /* Pods_LayoutInCodeTest_ViktarCharniak.framework in Frameworks */,
			);
			runOnlyForDeploymentPostprocessing = 0;
		};
/* End PBXFrameworksBuildPhase section */

/* Begin PBXGroup section */
		6C5D2F7105517002A6D0D066 /* Pods */ = {
			isa = PBXGroup;
			children = (
				9746871E138F2138FB983E67 /* Pods-LayoutInCodeTest_ViktarCharniak.debug.xcconfig */,
				39F25DC540C039B71CE09705 /* Pods-LayoutInCodeTest_ViktarCharniak.release.xcconfig */,
			);
			name = Pods;
			path = Pods;
			sourceTree = "<group>";
		};
		876E186C2BE08D1A00129E7E = {
			isa = PBXGroup;
			children = (
				876E18772BE08D1A00129E7E /* LayoutInCodeTest_ViktarCharniak */,
				876E18762BE08D1A00129E7E /* Products */,
				6C5D2F7105517002A6D0D066 /* Pods */,
				EE05C5CA4B4D245B3B24D628 /* Frameworks */,
			);
			sourceTree = "<group>";
		};
		876E18762BE08D1A00129E7E /* Products */ = {
			isa = PBXGroup;
			children = (
				876E18752BE08D1A00129E7E /* LayoutInCodeTest_ViktarCharniak.app */,
			);
			name = Products;
			sourceTree = "<group>";
		};
		876E18772BE08D1A00129E7E /* LayoutInCodeTest_ViktarCharniak */ = {
			isa = PBXGroup;
			children = (
				876E18782BE08D1A00129E7E /* AppDelegate.swift */,
				876E187A2BE08D1A00129E7E /* SceneDelegate.swift */,
				876E188C2BE0AA4100129E7E /* UsernameView.swift */,
				876E188E2BE0B53900129E7E /* PasswordView.swift */,
				876E18902BE0B82A00129E7E /* LoginButtomView.swift */,
				876E187C2BE08D1A00129E7E /* ViewController.swift */,
				876E18812BE08D1B00129E7E /* Assets.xcassets */,
				876E18832BE08D1B00129E7E /* LaunchScreen.storyboard */,
				876E18862BE08D1B00129E7E /* Info.plist */,
			);
			path = LayoutInCodeTest_ViktarCharniak;
			sourceTree = "<group>";
		};
		EE05C5CA4B4D245B3B24D628 /* Frameworks */ = {
			isa = PBXGroup;
			children = (
				D13D000BB4CAF12A5A8802D4 /* Pods_LayoutInCodeTest_ViktarCharniak.framework */,
			);
			name = Frameworks;
			sourceTree = "<group>";
		};
/* End PBXGroup section */

/* Begin PBXNativeTarget section */
		876E18742BE08D1A00129E7E /* LayoutInCodeTest_ViktarCharniak */ = {
			isa = PBXNativeTarget;
			buildConfigurationList = 876E18892BE08D1B00129E7E /* Build configuration list for PBXNativeTarget "LayoutInCodeTest_ViktarCharniak" */;
			buildPhases = (
				C50010AB64DC3003512CF68B /* [CP] Check Pods Manifest.lock */,
				876E18712BE08D1A00129E7E /* Sources */,
				876E18722BE08D1A00129E7E /* Frameworks */,
				876E18732BE08D1A00129E7E /* Resources */,
				CCB8AEF13A652B9B18CC6D9D /* [CP] Embed Pods Frameworks */,
			);
			buildRules = (
			);
			dependencies = (
			);
			name = LayoutInCodeTest_ViktarCharniak;
			productName = LayoutInCodeTest_ViktarCharniak;
			productReference = 876E18752BE08D1A00129E7E /* LayoutInCodeTest_ViktarCharniak.app */;
			productType = "com.apple.product-type.application";
		};
/* End PBXNativeTarget section */

/* Begin PBXProject section */
		876E186D2BE08D1A00129E7E /* Project object */ = {
			isa = PBXProject;
			attributes = {
				BuildIndependentTargetsInParallel = 1;
				LastSwiftUpdateCheck = 1530;
				LastUpgradeCheck = 1530;
				TargetAttributes = {
					876E18742BE08D1A00129E7E = {
						CreatedOnToolsVersion = 15.3;
					};
				};
			};
			buildConfigurationList = 876E18702BE08D1A00129E7E /* Build configuration list for PBXProject "LayoutInCodeTest_ViktarCharniak" */;
			compatibilityVersion = "Xcode 14.0";
			developmentRegion = en;
			hasScannedForEncodings = 0;
			knownRegions = (
				en,
				Base,
			);
			mainGroup = 876E186C2BE08D1A00129E7E;
			productRefGroup = 876E18762BE08D1A00129E7E /* Products */;
			projectDirPath = "";
			projectRoot = "";
			targets = (
				876E18742BE08D1A00129E7E /* LayoutInCodeTest_ViktarCharniak */,
			);
		};
/* End PBXProject section */

/* Begin PBXResourcesBuildPhase section */
		876E18732BE08D1A00129E7E /* Resources */ = {
			isa = PBXResourcesBuildPhase;
			buildActionMask = 2147483647;
			files = (
				876E18822BE08D1B00129E7E /* Assets.xcassets in Resources */,
				876E18852BE08D1B00129E7E /* Base in Resources */,
			);
			runOnlyForDeploymentPostprocessing = 0;
		};
/* End PBXResourcesBuildPhase section */

/* Begin PBXShellScriptBuildPhase section */
		C50010AB64DC3003512CF68B /* [CP] Check Pods Manifest.lock */ = {
			isa = PBXShellScriptBuildPhase;
			buildActionMask = 2147483647;
			files = (
			);
			inputFileListPaths = (
			);
			inputPaths = (
				"${PODS_PODFILE_DIR_PATH}/Podfile.lock",
				"${PODS_ROOT}/Manifest.lock",
			);
			name = "[CP] Check Pods Manifest.lock";
			outputFileListPaths = (
			);
			outputPaths = (
				"$(DERIVED_FILE_DIR)/Pods-LayoutInCodeTest_ViktarCharniak-checkManifestLockResult.txt",
			);
			runOnlyForDeploymentPostprocessing = 0;
			shellPath = /bin/sh;
			shellScript = "diff \"${PODS_PODFILE_DIR_PATH}/Podfile.lock\" \"${PODS_ROOT}/Manifest.lock\" > /dev/null\nif [ $? != 0 ] ; then\n    # print error to STDERR\n    echo \"error: The sandbox is not in sync with the Podfile.lock. Run 'pod install' or update your CocoaPods installation.\" >&2\n    exit 1\nfi\n# This output is used by Xcode 'outputs' to avoid re-running this script phase.\necho \"SUCCESS\" > \"${SCRIPT_OUTPUT_FILE_0}\"\n";
			showEnvVarsInLog = 0;
		};
		CCB8AEF13A652B9B18CC6D9D /* [CP] Embed Pods Frameworks */ = {
			isa = PBXShellScriptBuildPhase;
			buildActionMask = 2147483647;
			files = (
			);
			inputFileListPaths = (
				"${PODS_ROOT}/Target Support Files/Pods-LayoutInCodeTest_ViktarCharniak/Pods-LayoutInCodeTest_ViktarCharniak-frameworks-${CONFIGURATION}-input-files.xcfilelist",
			);
			name = "[CP] Embed Pods Frameworks";
			outputFileListPaths = (
				"${PODS_ROOT}/Target Support Files/Pods-LayoutInCodeTest_ViktarCharniak/Pods-LayoutInCodeTest_ViktarCharniak-frameworks-${CONFIGURATION}-output-files.xcfilelist",
			);
			runOnlyForDeploymentPostprocessing = 0;
			shellPath = /bin/sh;
			shellScript = "\"${PODS_ROOT}/Target Support Files/Pods-LayoutInCodeTest_ViktarCharniak/Pods-LayoutInCodeTest_ViktarCharniak-frameworks.sh\"\n";
			showEnvVarsInLog = 0;
		};
/* End PBXShellScriptBuildPhase section */

/* Begin PBXSourcesBuildPhase section */
		876E18712BE08D1A00129E7E /* Sources */ = {
			isa = PBXSourcesBuildPhase;
			buildActionMask = 2147483647;
			files = (
				876E188F2BE0B53900129E7E /* PasswordView.swift in Sources */,
				876E188D2BE0AA4100129E7E /* UsernameView.swift in Sources */,
				876E187D2BE08D1A00129E7E /* ViewController.swift in Sources */,
				876E18792BE08D1A00129E7E /* AppDelegate.swift in Sources */,
				876E187B2BE08D1A00129E7E /* SceneDelegate.swift in Sources */,
				876E18912BE0B82A00129E7E /* LoginButtomView.swift in Sources */,
			);
			runOnlyForDeploymentPostprocessing = 0;
		};
/* End PBXSourcesBuildPhase section */

/* Begin PBXVariantGroup section */
		876E18832BE08D1B00129E7E /* LaunchScreen.storyboard */ = {
			isa = PBXVariantGroup;
			children = (
				876E18842BE08D1B00129E7E /* Base */,
			);
			name = LaunchScreen.storyboard;
			sourceTree = "<group>";
		};
/* End PBXVariantGroup section */

/* Begin XCBuildConfiguration section */
		876E18872BE08D1B00129E7E /* Debug */ = {
			isa = XCBuildConfiguration;
			buildSettings = {
				ALWAYS_SEARCH_USER_PATHS = NO;
				ASSETCATALOG_COMPILER_GENERATE_SWIFT_ASSET_SYMBOL_EXTENSIONS = YES;
				CLANG_ANALYZER_NONNULL = YES;
				CLANG_ANALYZER_NUMBER_OBJECT_CONVERSION = YES_AGGRESSIVE;
				CLANG_CXX_LANGUAGE_STANDARD = "gnu++20";
				CLANG_ENABLE_MODULES = YES;
				CLANG_ENABLE_OBJC_ARC = YES;
				CLANG_ENABLE_OBJC_WEAK = YES;
				CLANG_WARN_BLOCK_CAPTURE_AUTORELEASING = YES;
				CLANG_WARN_BOOL_CONVERSION = YES;
				CLANG_WARN_COMMA = YES;
				CLANG_WARN_CONSTANT_CONVERSION = YES;
				CLANG_WARN_DEPRECATED_OBJC_IMPLEMENTATIONS = YES;
				CLANG_WARN_DIRECT_OBJC_ISA_USAGE = YES_ERROR;
				CLANG_WARN_DOCUMENTATION_COMMENTS = YES;
				CLANG_WARN_EMPTY_BODY = YES;
				CLANG_WARN_ENUM_CONVERSION = YES;
				CLANG_WARN_INFINITE_RECURSION = YES;
				CLANG_WARN_INT_CONVERSION = YES;
				CLANG_WARN_NON_LITERAL_NULL_CONVERSION = YES;
				CLANG_WARN_OBJC_IMPLICIT_RETAIN_SELF = YES;
				CLANG_WARN_OBJC_LITERAL_CONVERSION = YES;
				CLANG_WARN_OBJC_ROOT_CLASS = YES_ERROR;
				CLANG_WARN_QUOTED_INCLUDE_IN_FRAMEWORK_HEADER = YES;
				CLANG_WARN_RANGE_LOOP_ANALYSIS = YES;
				CLANG_WARN_STRICT_PROTOTYPES = YES;
				CLANG_WARN_SUSPICIOUS_MOVE = YES;
				CLANG_WARN_UNGUARDED_AVAILABILITY = YES_AGGRESSIVE;
				CLANG_WARN_UNREACHABLE_CODE = YES;
				CLANG_WARN__DUPLICATE_METHOD_MATCH = YES;
				COPY_PHASE_STRIP = NO;
				DEBUG_INFORMATION_FORMAT = dwarf;
				ENABLE_STRICT_OBJC_MSGSEND = YES;
				ENABLE_TESTABILITY = YES;
				ENABLE_USER_SCRIPT_SANDBOXING = YES;
				GCC_C_LANGUAGE_STANDARD = gnu17;
				GCC_DYNAMIC_NO_PIC = NO;
				GCC_NO_COMMON_BLOCKS = YES;
				GCC_OPTIMIZATION_LEVEL = 0;
				GCC_PREPROCESSOR_DEFINITIONS = (
					"DEBUG=1",
					"$(inherited)",
				);
				GCC_WARN_64_TO_32_BIT_CONVERSION = YES;
				GCC_WARN_ABOUT_RETURN_TYPE = YES_ERROR;
				GCC_WARN_UNDECLARED_SELECTOR = YES;
				GCC_WARN_UNINITIALIZED_AUTOS = YES_AGGRESSIVE;
				GCC_WARN_UNUSED_FUNCTION = YES;
				GCC_WARN_UNUSED_VARIABLE = YES;
				IPHONEOS_DEPLOYMENT_TARGET = 17.4;
				LOCALIZATION_PREFERS_STRING_CATALOGS = YES;
				MTL_ENABLE_DEBUG_INFO = INCLUDE_SOURCE;
				MTL_FAST_MATH = YES;
				ONLY_ACTIVE_ARCH = YES;
				SDKROOT = iphoneos;
				SWIFT_ACTIVE_COMPILATION_CONDITIONS = "DEBUG $(inherited)";
				SWIFT_OPTIMIZATION_LEVEL = "-Onone";
			};
			name = Debug;
		};
		876E18882BE08D1B00129E7E /* Release */ = {
			isa = XCBuildConfiguration;
			buildSettings = {
				ALWAYS_SEARCH_USER_PATHS = NO;
				ASSETCATALOG_COMPILER_GENERATE_SWIFT_ASSET_SYMBOL_EXTENSIONS = YES;
				CLANG_ANALYZER_NONNULL = YES;
				CLANG_ANALYZER_NUMBER_OBJECT_CONVERSION = YES_AGGRESSIVE;
				CLANG_CXX_LANGUAGE_STANDARD = "gnu++20";
				CLANG_ENABLE_MODULES = YES;
				CLANG_ENABLE_OBJC_ARC = YES;
				CLANG_ENABLE_OBJC_WEAK = YES;
				CLANG_WARN_BLOCK_CAPTURE_AUTORELEASING = YES;
				CLANG_WARN_BOOL_CONVERSION = YES;
				CLANG_WARN_COMMA = YES;
				CLANG_WARN_CONSTANT_CONVERSION = YES;
				CLANG_WARN_DEPRECATED_OBJC_IMPLEMENTATIONS = YES;
				CLANG_WARN_DIRECT_OBJC_ISA_USAGE = YES_ERROR;
				CLANG_WARN_DOCUMENTATION_COMMENTS = YES;
				CLANG_WARN_EMPTY_BODY = YES;
				CLANG_WARN_ENUM_CONVERSION = YES;
				CLANG_WARN_INFINITE_RECURSION = YES;
				CLANG_WARN_INT_CONVERSION = YES;
				CLANG_WARN_NON_LITERAL_NULL_CONVERSION = YES;
				CLANG_WARN_OBJC_IMPLICIT_RETAIN_SELF = YES;
				CLANG_WARN_OBJC_LITERAL_CONVERSION = YES;
				CLANG_WARN_OBJC_ROOT_CLASS = YES_ERROR;
				CLANG_WARN_QUOTED_INCLUDE_IN_FRAMEWORK_HEADER = YES;
				CLANG_WARN_RANGE_LOOP_ANALYSIS = YES;
				CLANG_WARN_STRICT_PROTOTYPES = YES;
				CLANG_WARN_SUSPICIOUS_MOVE = YES;
				CLANG_WARN_UNGUARDED_AVAILABILITY = YES_AGGRESSIVE;
				CLANG_WARN_UNREACHABLE_CODE = YES;
				CLANG_WARN__DUPLICATE_METHOD_MATCH = YES;
				COPY_PHASE_STRIP = NO;
				DEBUG_INFORMATION_FORMAT = "dwarf-with-dsym";
				ENABLE_NS_ASSERTIONS = NO;
				ENABLE_STRICT_OBJC_MSGSEND = YES;
				ENABLE_USER_SCRIPT_SANDBOXING = YES;
				GCC_C_LANGUAGE_STANDARD = gnu17;
				GCC_NO_COMMON_BLOCKS = YES;
				GCC_WARN_64_TO_32_BIT_CONVERSION = YES;
				GCC_WARN_ABOUT_RETURN_TYPE = YES_ERROR;
				GCC_WARN_UNDECLARED_SELECTOR = YES;
				GCC_WARN_UNINITIALIZED_AUTOS = YES_AGGRESSIVE;
				GCC_WARN_UNUSED_FUNCTION = YES;
				GCC_WARN_UNUSED_VARIABLE = YES;
				IPHONEOS_DEPLOYMENT_TARGET = 17.4;
				LOCALIZATION_PREFERS_STRING_CATALOGS = YES;
				MTL_ENABLE_DEBUG_INFO = NO;
				MTL_FAST_MATH = YES;
				SDKROOT = iphoneos;
				SWIFT_COMPILATION_MODE = wholemodule;
				VALIDATE_PRODUCT = YES;
			};
			name = Release;
		};
		876E188A2BE08D1B00129E7E /* Debug */ = {
			isa = XCBuildConfiguration;
			baseConfigurationReference = 9746871E138F2138FB983E67 /* Pods-LayoutInCodeTest_ViktarCharniak.debug.xcconfig */;
			buildSettings = {
				ASSETCATALOG_COMPILER_APPICON_NAME = AppIcon;
				ASSETCATALOG_COMPILER_GLOBAL_ACCENT_COLOR_NAME = AccentColor;
				CODE_SIGN_STYLE = Automatic;
				CURRENT_PROJECT_VERSION = 1;
				GENERATE_INFOPLIST_FILE = YES;
				INFOPLIST_FILE = LayoutInCodeTest_ViktarCharniak/Info.plist;
				INFOPLIST_KEY_UIApplicationSupportsIndirectInputEvents = YES;
				INFOPLIST_KEY_UILaunchStoryboardName = LaunchScreen;
				INFOPLIST_KEY_UIMainStoryboardFile = "";
				INFOPLIST_KEY_UISupportedInterfaceOrientations_iPad = "UIInterfaceOrientationPortrait UIInterfaceOrientationPortraitUpsideDown UIInterfaceOrientationLandscapeLeft UIInterfaceOrientationLandscapeRight";
				INFOPLIST_KEY_UISupportedInterfaceOrientations_iPhone = "UIInterfaceOrientationPortrait UIInterfaceOrientationLandscapeLeft UIInterfaceOrientationLandscapeRight";
				LD_RUNPATH_SEARCH_PATHS = (
					"$(inherited)",
					"@executable_path/Frameworks",
				);
				MARKETING_VERSION = 1.0;
				PRODUCT_BUNDLE_IDENTIFIER = "VCh.LayoutInCodeTest-ViktarCharniak";
				PRODUCT_NAME = "$(TARGET_NAME)";
				SWIFT_EMIT_LOC_STRINGS = YES;
				SWIFT_VERSION = 5.0;
				TARGETED_DEVICE_FAMILY = "1,2";
			};
			name = Debug;
		};
		876E188B2BE08D1B00129E7E /* Release */ = {
			isa = XCBuildConfiguration;
			baseConfigurationReference = 39F25DC540C039B71CE09705 /* Pods-LayoutInCodeTest_ViktarCharniak.release.xcconfig */;
			buildSettings = {
				ASSETCATALOG_COMPILER_APPICON_NAME = AppIcon;
				ASSETCATALOG_COMPILER_GLOBAL_ACCENT_COLOR_NAME = AccentColor;
				CODE_SIGN_STYLE = Automatic;
				CURRENT_PROJECT_VERSION = 1;
				GENERATE_INFOPLIST_FILE = YES;
				INFOPLIST_FILE = LayoutInCodeTest_ViktarCharniak/Info.plist;
				INFOPLIST_KEY_UIApplicationSupportsIndirectInputEvents = YES;
				INFOPLIST_KEY_UILaunchStoryboardName = LaunchScreen;
				INFOPLIST_KEY_UIMainStoryboardFile = "";
				INFOPLIST_KEY_UISupportedInterfaceOrientations_iPad = "UIInterfaceOrientationPortrait UIInterfaceOrientationPortraitUpsideDown UIInterfaceOrientationLandscapeLeft UIInterfaceOrientationLandscapeRight";
				INFOPLIST_KEY_UISupportedInterfaceOrientations_iPhone = "UIInterfaceOrientationPortrait UIInterfaceOrientationLandscapeLeft UIInterfaceOrientationLandscapeRight";
				LD_RUNPATH_SEARCH_PATHS = (
					"$(inherited)",
					"@executable_path/Frameworks",
				);
				MARKETING_VERSION = 1.0;
				PRODUCT_BUNDLE_IDENTIFIER = "VCh.LayoutInCodeTest-ViktarCharniak";
				PRODUCT_NAME = "$(TARGET_NAME)";
				SWIFT_EMIT_LOC_STRINGS = YES;
				SWIFT_VERSION = 5.0;
				TARGETED_DEVICE_FAMILY = "1,2";
			};
			name = Release;
		};
/* End XCBuildConfiguration section */

/* Begin XCConfigurationList section */
		876E18702BE08D1A00129E7E /* Build configuration list for PBXProject "LayoutInCodeTest_ViktarCharniak" */ = {
			isa = XCConfigurationList;
			buildConfigurations = (
				876E18872BE08D1B00129E7E /* Debug */,
				876E18882BE08D1B00129E7E /* Release */,
			);
			defaultConfigurationIsVisible = 0;
			defaultConfigurationName = Release;
		};
		876E18892BE08D1B00129E7E /* Build configuration list for PBXNativeTarget "LayoutInCodeTest_ViktarCharniak" */ = {
			isa = XCConfigurationList;
			buildConfigurations = (
				876E188A2BE08D1B00129E7E /* Debug */,
				876E188B2BE08D1B00129E7E /* Release */,
			);
			defaultConfigurationIsVisible = 0;
			defaultConfigurationName = Release;
		};
/* End XCConfigurationList section */
	};
	rootObject = 876E186D2BE08D1A00129E7E /* Project object */;
}
